// !$*UTF8*$!
{
	archiveVersion = 1;
	classes = {
	};
	objectVersion = 55;
	objects = {

/* Begin PBXBuildFile section */
		301A254628F5245200EABCAD /* GalleryView.swift in Sources */ = {isa = PBXBuildFile; fileRef = 301A254528F5245200EABCAD /* GalleryView.swift */; };
		301A256C28F58A6E00EABCAD /* ContentView.swift in Sources */ = {isa = PBXBuildFile; fileRef = 301A256B28F58A6E00EABCAD /* ContentView.swift */; };
		301A256E28F58ADA00EABCAD /* OtherView.swift in Sources */ = {isa = PBXBuildFile; fileRef = 301A256D28F58ADA00EABCAD /* OtherView.swift */; };
		3049971128F3D6450014AAEB /* SwiftUIExampleApp.swift in Sources */ = {isa = PBXBuildFile; fileRef = 3049971028F3D6450014AAEB /* SwiftUIExampleApp.swift */; };
		3049971528F3D6460014AAEB /* Assets.xcassets in Resources */ = {isa = PBXBuildFile; fileRef = 3049971428F3D6460014AAEB /* Assets.xcassets */; };
		3049971828F3D6460014AAEB /* Preview Assets.xcassets in Resources */ = {isa = PBXBuildFile; fileRef = 3049971728F3D6460014AAEB /* Preview Assets.xcassets */; };
		3049971F28F3D7460014AAEB /* Session.swift in Sources */ = {isa = PBXBuildFile; fileRef = 3049971E28F3D7460014AAEB /* Session.swift */; };
		3049972128F3E1130014AAEB /* LoginView.swift in Sources */ = {isa = PBXBuildFile; fileRef = 3049972028F3E1130014AAEB /* LoginView.swift */; };
		3049972328F3E2150014AAEB /* HomeView.swift in Sources */ = {isa = PBXBuildFile; fileRef = 3049972228F3E2150014AAEB /* HomeView.swift */; };
		3049972528F3EB6A0014AAEB /* CustomWidget.swift in Sources */ = {isa = PBXBuildFile; fileRef = 3049972428F3EB6A0014AAEB /* CustomWidget.swift */; };
		3049972728F4050E0014AAEB /* User.swift in Sources */ = {isa = PBXBuildFile; fileRef = 3049972628F4050E0014AAEB /* User.swift */; };
		3049972928F405810014AAEB /* ServiceConsumer.swift in Sources */ = {isa = PBXBuildFile; fileRef = 3049972828F405810014AAEB /* ServiceConsumer.swift */; };
		3049972B28F42D8E0014AAEB /* SideMenu.swift in Sources */ = {isa = PBXBuildFile; fileRef = 3049972A28F42D8E0014AAEB /* SideMenu.swift */; };
		30DF844A28F684F700352645 /* MainView.swift in Sources */ = {isa = PBXBuildFile; fileRef = 30DF844928F684F700352645 /* MainView.swift */; };
		30DF844C28F686EE00352645 /* MenuModel.swift in Sources */ = {isa = PBXBuildFile; fileRef = 30DF844B28F686EE00352645 /* MenuModel.swift */; };
/* End PBXBuildFile section */

/* Begin PBXFileReference section */
		301A254528F5245200EABCAD /* GalleryView.swift */ = {isa = PBXFileReference; lastKnownFileType = sourcecode.swift; path = GalleryView.swift; sourceTree = "<group>"; };
		301A256B28F58A6E00EABCAD /* ContentView.swift */ = {isa = PBXFileReference; lastKnownFileType = sourcecode.swift; path = ContentView.swift; sourceTree = "<group>"; };
		301A256D28F58ADA00EABCAD /* OtherView.swift */ = {isa = PBXFileReference; lastKnownFileType = sourcecode.swift; path = OtherView.swift; sourceTree = "<group>"; };
		3049970D28F3D6450014AAEB /* SwiftUIExample.app */ = {isa = PBXFileReference; explicitFileType = wrapper.application; includeInIndex = 0; path = SwiftUIExample.app; sourceTree = BUILT_PRODUCTS_DIR; };
		3049971028F3D6450014AAEB /* SwiftUIExampleApp.swift */ = {isa = PBXFileReference; lastKnownFileType = sourcecode.swift; path = SwiftUIExampleApp.swift; sourceTree = "<group>"; };
		3049971428F3D6460014AAEB /* Assets.xcassets */ = {isa = PBXFileReference; lastKnownFileType = folder.assetcatalog; path = Assets.xcassets; sourceTree = "<group>"; };
		3049971728F3D6460014AAEB /* Preview Assets.xcassets */ = {isa = PBXFileReference; lastKnownFileType = folder.assetcatalog; path = "Preview Assets.xcassets"; sourceTree = "<group>"; };
		3049971E28F3D7460014AAEB /* Session.swift */ = {isa = PBXFileReference; lastKnownFileType = sourcecode.swift; path = Session.swift; sourceTree = "<group>"; };
		3049972028F3E1130014AAEB /* LoginView.swift */ = {isa = PBXFileReference; lastKnownFileType = sourcecode.swift; path = LoginView.swift; sourceTree = "<group>"; };
		3049972228F3E2150014AAEB /* HomeView.swift */ = {isa = PBXFileReference; lastKnownFileType = sourcecode.swift; path = HomeView.swift; sourceTree = "<group>"; };
		3049972428F3EB6A0014AAEB /* CustomWidget.swift */ = {isa = PBXFileReference; lastKnownFileType = sourcecode.swift; path = CustomWidget.swift; sourceTree = "<group>"; };
		3049972628F4050E0014AAEB /* User.swift */ = {isa = PBXFileReference; lastKnownFileType = sourcecode.swift; path = User.swift; sourceTree = "<group>"; };
		3049972828F405810014AAEB /* ServiceConsumer.swift */ = {isa = PBXFileReference; lastKnownFileType = sourcecode.swift; path = ServiceConsumer.swift; sourceTree = "<group>"; };
		3049972A28F42D8E0014AAEB /* SideMenu.swift */ = {isa = PBXFileReference; lastKnownFileType = sourcecode.swift; path = SideMenu.swift; sourceTree = "<group>"; };
		30DF844928F684F700352645 /* MainView.swift */ = {isa = PBXFileReference; lastKnownFileType = sourcecode.swift; path = MainView.swift; sourceTree = "<group>"; };
		30DF844B28F686EE00352645 /* MenuModel.swift */ = {isa = PBXFileReference; lastKnownFileType = sourcecode.swift; path = MenuModel.swift; sourceTree = "<group>"; };
/* End PBXFileReference section */

/* Begin PBXFrameworksBuildPhase section */
		3049970A28F3D6450014AAEB /* Frameworks */ = {
			isa = PBXFrameworksBuildPhase;
			buildActionMask = 2147483647;
			files = (
			);
			runOnlyForDeploymentPostprocessing = 0;
		};
/* End PBXFrameworksBuildPhase section */

/* Begin PBXGroup section */
		3049970428F3D6450014AAEB = {
			isa = PBXGroup;
			children = (
				3049970F28F3D6450014AAEB /* SwiftUIExample */,
				3049970E28F3D6450014AAEB /* Products */,
			);
			sourceTree = "<group>";
		};
		3049970E28F3D6450014AAEB /* Products */ = {
			isa = PBXGroup;
			children = (
				3049970D28F3D6450014AAEB /* SwiftUIExample.app */,
			);
			name = Products;
			sourceTree = "<group>";
		};
		3049970F28F3D6450014AAEB /* SwiftUIExample */ = {
			isa = PBXGroup;
			children = (
				30DF844828F684D900352645 /* Drawer3 */,
				30DF844728F67C0C00352645 /* login */,
				30DF844628F679DD00352645 /* Drawer2 */,
				30DF844528F6799000352645 /* Drawer1 */,
				3049971028F3D6450014AAEB /* SwiftUIExampleApp.swift */,
				3049971428F3D6460014AAEB /* Assets.xcassets */,
				3049971628F3D6460014AAEB /* Preview Content */,
				3049972828F405810014AAEB /* ServiceConsumer.swift */,
				30DF844B28F686EE00352645 /* MenuModel.swift */,
			);
			path = SwiftUIExample;
			sourceTree = "<group>";
		};
		3049971628F3D6460014AAEB /* Preview Content */ = {
			isa = PBXGroup;
			children = (
				3049971728F3D6460014AAEB /* Preview Assets.xcassets */,
			);
			path = "Preview Content";
			sourceTree = "<group>";
		};
		30DF844528F6799000352645 /* Drawer1 */ = {
			isa = PBXGroup;
			children = (
				3049972A28F42D8E0014AAEB /* SideMenu.swift */,
				301A254528F5245200EABCAD /* GalleryView.swift */,
			);
			path = Drawer1;
			sourceTree = "<group>";
		};
		30DF844628F679DD00352645 /* Drawer2 */ = {
			isa = PBXGroup;
			children = (
				301A256D28F58ADA00EABCAD /* OtherView.swift */,
				301A256B28F58A6E00EABCAD /* ContentView.swift */,
			);
			path = Drawer2;
			sourceTree = "<group>";
		};
		30DF844728F67C0C00352645 /* login */ = {
			isa = PBXGroup;
			children = (
				3049972428F3EB6A0014AAEB /* CustomWidget.swift */,
				3049972628F4050E0014AAEB /* User.swift */,
				3049971E28F3D7460014AAEB /* Session.swift */,
				3049972028F3E1130014AAEB /* LoginView.swift */,
				3049972228F3E2150014AAEB /* HomeView.swift */,
			);
			path = login;
			sourceTree = "<group>";
		};
		30DF844828F684D900352645 /* Drawer3 */ = {
			isa = PBXGroup;
			children = (
				30DF844928F684F700352645 /* MainView.swift */,
			);
			path = Drawer3;
			sourceTree = "<group>";
		};
/* End PBXGroup section */

/* Begin PBXNativeTarget section */
		3049970C28F3D6450014AAEB /* SwiftUIExample */ = {
			isa = PBXNativeTarget;
			buildConfigurationList = 3049971B28F3D6460014AAEB /* Build configuration list for PBXNativeTarget "SwiftUIExample" */;
			buildPhases = (
				3049970928F3D6450014AAEB /* Sources */,
				3049970A28F3D6450014AAEB /* Frameworks */,
				3049970B28F3D6450014AAEB /* Resources */,
			);
			buildRules = (
			);
			dependencies = (
			);
			name = SwiftUIExample;
			productName = SwiftUIExample;
			productReference = 3049970D28F3D6450014AAEB /* SwiftUIExample.app */;
			productType = "com.apple.product-type.application";
		};
/* End PBXNativeTarget section */

/* Begin PBXProject section */
		3049970528F3D6450014AAEB /* Project object */ = {
			isa = PBXProject;
			attributes = {
				BuildIndependentTargetsInParallel = 1;
				LastSwiftUpdateCheck = 1340;
				LastUpgradeCheck = 1340;
				TargetAttributes = {
					3049970C28F3D6450014AAEB = {
						CreatedOnToolsVersion = 13.4.1;
					};
				};
			};
			buildConfigurationList = 3049970828F3D6450014AAEB /* Build configuration list for PBXProject "SwiftUIExample" */;
			compatibilityVersion = "Xcode 13.0";
			developmentRegion = en;
			hasScannedForEncodings = 0;
			knownRegions = (
				en,
				Base,
			);
			mainGroup = 3049970428F3D6450014AAEB;
			productRefGroup = 3049970E28F3D6450014AAEB /* Products */;
			projectDirPath = "";
			projectRoot = "";
			targets = (
				3049970C28F3D6450014AAEB /* SwiftUIExample */,
			);
		};
/* End PBXProject section */

/* Begin PBXResourcesBuildPhase section */
		3049970B28F3D6450014AAEB /* Resources */ = {
			isa = PBXResourcesBuildPhase;
			buildActionMask = 2147483647;
			files = (
				3049971828F3D6460014AAEB /* Preview Assets.xcassets in Resources */,
				3049971528F3D6460014AAEB /* Assets.xcassets in Resources */,
			);
			runOnlyForDeploymentPostprocessing = 0;
		};
/* End PBXResourcesBuildPhase section */

/* Begin PBXSourcesBuildPhase section */
		3049970928F3D6450014AAEB /* Sources */ = {
			isa = PBXSourcesBuildPhase;
			buildActionMask = 2147483647;
			files = (
				3049971128F3D6450014AAEB /* SwiftUIExampleApp.swift in Sources */,
				30DF844A28F684F700352645 /* MainView.swift in Sources */,
				3049972528F3EB6A0014AAEB /* CustomWidget.swift in Sources */,
				3049972728F4050E0014AAEB /* User.swift in Sources */,
				3049972B28F42D8E0014AAEB /* SideMenu.swift in Sources */,
				3049972928F405810014AAEB /* ServiceConsumer.swift in Sources */,
				301A256E28F58ADA00EABCAD /* OtherView.swift in Sources */,
				3049972128F3E1130014AAEB /* LoginView.swift in Sources */,
				301A256C28F58A6E00EABCAD /* ContentView.swift in Sources */,
				30DF844C28F686EE00352645 /* MenuModel.swift in Sources */,
				3049972328F3E2150014AAEB /* HomeView.swift in Sources */,
				301A254628F5245200EABCAD /* GalleryView.swift in Sources */,
				3049971F28F3D7460014AAEB /* Session.swift in Sources */,
			);
			runOnlyForDeploymentPostprocessing = 0;
		};
/* End PBXSourcesBuildPhase section */

/* Begin XCBuildConfiguration section */
		3049971928F3D6460014AAEB /* Debug */ = {
			isa = XCBuildConfiguration;
			buildSettings = {
				ALWAYS_SEARCH_USER_PATHS = NO;
				CLANG_ANALYZER_NONNULL = YES;
				CLANG_ANALYZER_NUMBER_OBJECT_CONVERSION = YES_AGGRESSIVE;
				CLANG_CXX_LANGUAGE_STANDARD = "gnu++17";
				CLANG_ENABLE_MODULES = YES;
				CLANG_ENABLE_OBJC_ARC = YES;
				CLANG_ENABLE_OBJC_WEAK = YES;
				CLANG_WARN_BLOCK_CAPTURE_AUTORELEASING = YES;
				CLANG_WARN_BOOL_CONVERSION = YES;
				CLANG_WARN_COMMA = YES;
				CLANG_WARN_CONSTANT_CONVERSION = YES;
				CLANG_WARN_DEPRECATED_OBJC_IMPLEMENTATIONS = YES;
				CLANG_WARN_DIRECT_OBJC_ISA_USAGE = YES_ERROR;
				CLANG_WARN_DOCUMENTATION_COMMENTS = YES;
				CLANG_WARN_EMPTY_BODY = YES;
				CLANG_WARN_ENUM_CONVERSION = YES;
				CLANG_WARN_INFINITE_RECURSION = YES;
				CLANG_WARN_INT_CONVERSION = YES;
				CLANG_WARN_NON_LITERAL_NULL_CONVERSION = YES;
				CLANG_WARN_OBJC_IMPLICIT_RETAIN_SELF = YES;
				CLANG_WARN_OBJC_LITERAL_CONVERSION = YES;
				CLANG_WARN_OBJC_ROOT_CLASS = YES_ERROR;
				CLANG_WARN_QUOTED_INCLUDE_IN_FRAMEWORK_HEADER = YES;
				CLANG_WARN_RANGE_LOOP_ANALYSIS = YES;
				CLANG_WARN_STRICT_PROTOTYPES = YES;
				CLANG_WARN_SUSPICIOUS_MOVE = YES;
				CLANG_WARN_UNGUARDED_AVAILABILITY = YES_AGGRESSIVE;
				CLANG_WARN_UNREACHABLE_CODE = YES;
				CLANG_WARN__DUPLICATE_METHOD_MATCH = YES;
				COPY_PHASE_STRIP = NO;
				DEBUG_INFORMATION_FORMAT = dwarf;
				ENABLE_STRICT_OBJC_MSGSEND = YES;
				ENABLE_TESTABILITY = YES;
				GCC_C_LANGUAGE_STANDARD = gnu11;
				GCC_DYNAMIC_NO_PIC = NO;
				GCC_NO_COMMON_BLOCKS = YES;
				GCC_OPTIMIZATION_LEVEL = 0;
				GCC_PREPROCESSOR_DEFINITIONS = (
					"DEBUG=1",
					"$(inherited)",
				);
				GCC_WARN_64_TO_32_BIT_CONVERSION = YES;
				GCC_WARN_ABOUT_RETURN_TYPE = YES_ERROR;
				GCC_WARN_UNDECLARED_SELECTOR = YES;
				GCC_WARN_UNINITIALIZED_AUTOS = YES_AGGRESSIVE;
				GCC_WARN_UNUSED_FUNCTION = YES;
				GCC_WARN_UNUSED_VARIABLE = YES;
				IPHONEOS_DEPLOYMENT_TARGET = 15.5;
				MTL_ENABLE_DEBUG_INFO = INCLUDE_SOURCE;
				MTL_FAST_MATH = YES;
				ONLY_ACTIVE_ARCH = YES;
				SDKROOT = iphoneos;
				SWIFT_ACTIVE_COMPILATION_CONDITIONS = DEBUG;
				SWIFT_OPTIMIZATION_LEVEL = "-Onone";
			};
			name = Debug;
		};
		3049971A28F3D6460014AAEB /* Release */ = {
			isa = XCBuildConfiguration;
			buildSettings = {
				ALWAYS_SEARCH_USER_PATHS = NO;
				CLANG_ANALYZER_NONNULL = YES;
				CLANG_ANALYZER_NUMBER_OBJECT_CONVERSION = YES_AGGRESSIVE;
				CLANG_CXX_LANGUAGE_STANDARD = "gnu++17";
				CLANG_ENABLE_MODULES = YES;
				CLANG_ENABLE_OBJC_ARC = YES;
				CLANG_ENABLE_OBJC_WEAK = YES;
				CLANG_WARN_BLOCK_CAPTURE_AUTORELEASING = YES;
				CLANG_WARN_BOOL_CONVERSION = YES;
				CLANG_WARN_COMMA = YES;
				CLANG_WARN_CONSTANT_CONVERSION = YES;
				CLANG_WARN_DEPRECATED_OBJC_IMPLEMENTATIONS = YES;
				CLANG_WARN_DIRECT_OBJC_ISA_USAGE = YES_ERROR;
				CLANG_WARN_DOCUMENTATION_COMMENTS = YES;
				CLANG_WARN_EMPTY_BODY = YES;
				CLANG_WARN_ENUM_CONVERSION = YES;
				CLANG_WARN_INFINITE_RECURSION = YES;
				CLANG_WARN_INT_CONVERSION = YES;
				CLANG_WARN_NON_LITERAL_NULL_CONVERSION = YES;
				CLANG_WARN_OBJC_IMPLICIT_RETAIN_SELF = YES;
				CLANG_WARN_OBJC_LITERAL_CONVERSION = YES;
				CLANG_WARN_OBJC_ROOT_CLASS = YES_ERROR;
				CLANG_WARN_QUOTED_INCLUDE_IN_FRAMEWORK_HEADER = YES;
				CLANG_WARN_RANGE_LOOP_ANALYSIS = YES;
				CLANG_WARN_STRICT_PROTOTYPES = YES;
				CLANG_WARN_SUSPICIOUS_MOVE = YES;
				CLANG_WARN_UNGUARDED_AVAILABILITY = YES_AGGRESSIVE;
				CLANG_WARN_UNREACHABLE_CODE = YES;
				CLANG_WARN__DUPLICATE_METHOD_MATCH = YES;
				COPY_PHASE_STRIP = NO;
				DEBUG_INFORMATION_FORMAT = "dwarf-with-dsym";
				ENABLE_NS_ASSERTIONS = NO;
				ENABLE_STRICT_OBJC_MSGSEND = YES;
				GCC_C_LANGUAGE_STANDARD = gnu11;
				GCC_NO_COMMON_BLOCKS = YES;
				GCC_WARN_64_TO_32_BIT_CONVERSION = YES;
				GCC_WARN_ABOUT_RETURN_TYPE = YES_ERROR;
				GCC_WARN_UNDECLARED_SELECTOR = YES;
				GCC_WARN_UNINITIALIZED_AUTOS = YES_AGGRESSIVE;
				GCC_WARN_UNUSED_FUNCTION = YES;
				GCC_WARN_UNUSED_VARIABLE = YES;
				IPHONEOS_DEPLOYMENT_TARGET = 15.5;
				MTL_ENABLE_DEBUG_INFO = NO;
				MTL_FAST_MATH = YES;
				SDKROOT = iphoneos;
				SWIFT_COMPILATION_MODE = wholemodule;
				SWIFT_OPTIMIZATION_LEVEL = "-O";
				VALIDATE_PRODUCT = YES;
			};
			name = Release;
		};
		3049971C28F3D6460014AAEB /* Debug */ = {
			isa = XCBuildConfiguration;
			buildSettings = {
				ASSETCATALOG_COMPILER_APPICON_NAME = AppIcon;
				ASSETCATALOG_COMPILER_GLOBAL_ACCENT_COLOR_NAME = AccentColor;
				CODE_SIGN_STYLE = Automatic;
				CURRENT_PROJECT_VERSION = 1;
				DEVELOPMENT_ASSET_PATHS = "\"SwiftUIExample/Preview Content\"";
				ENABLE_PREVIEWS = YES;
				GENERATE_INFOPLIST_FILE = YES;
				INFOPLIST_KEY_UIApplicationSceneManifest_Generation = YES;
				INFOPLIST_KEY_UIApplicationSupportsIndirectInputEvents = YES;
				INFOPLIST_KEY_UILaunchScreen_Generation = YES;
				INFOPLIST_KEY_UISupportedInterfaceOrientations_iPad = "UIInterfaceOrientationPortrait UIInterfaceOrientationPortraitUpsideDown UIInterfaceOrientationLandscapeLeft UIInterfaceOrientationLandscapeRight";
				INFOPLIST_KEY_UISupportedInterfaceOrientations_iPhone = "UIInterfaceOrientationPortrait UIInterfaceOrientationLandscapeLeft UIInterfaceOrientationLandscapeRight";
				LD_RUNPATH_SEARCH_PATHS = (
					"$(inherited)",
					"@executable_path/Frameworks",
				);
				MARKETING_VERSION = 1.0;
				PRODUCT_BUNDLE_IDENTIFIER = romana.SwiftUIExample;
				PRODUCT_NAME = "$(TARGET_NAME)";
				SWIFT_EMIT_LOC_STRINGS = YES;
				SWIFT_VERSION = 5.0;
				TARGETED_DEVICE_FAMILY = "1,2";
			};
			name = Debug;
		};
		3049971D28F3D6460014AAEB /* Release */ = {
			isa = XCBuildConfiguration;
			buildSettings = {
				ASSETCATALOG_COMPILER_APPICON_NAME = AppIcon;
				ASSETCATALOG_COMPILER_GLOBAL_ACCENT_COLOR_NAME = AccentColor;
				CODE_SIGN_STYLE = Automatic;
				CURRENT_PROJECT_VERSION = 1;
				DEVELOPMENT_ASSET_PATHS = "\"SwiftUIExample/Preview Content\"";
				ENABLE_PREVIEWS = YES;
				GENERATE_INFOPLIST_FILE = YES;
				INFOPLIST_KEY_UIApplicationSceneManifest_Generation = YES;
				INFOPLIST_KEY_UIApplicationSupportsIndirectInputEvents = YES;
				INFOPLIST_KEY_UILaunchScreen_Generation = YES;
				INFOPLIST_KEY_UISupportedInterfaceOrientations_iPad = "UIInterfaceOrientationPortrait UIInterfaceOrientationPortraitUpsideDown UIInterfaceOrientationLandscapeLeft UIInterfaceOrientationLandscapeRight";
				INFOPLIST_KEY_UISupportedInterfaceOrientations_iPhone = "UIInterfaceOrientationPortrait UIInterfaceOrientationLandscapeLeft UIInterfaceOrientationLandscapeRight";
				LD_RUNPATH_SEARCH_PATHS = (
					"$(inherited)",
					"@executable_path/Frameworks",
				);
				MARKETING_VERSION = 1.0;
				PRODUCT_BUNDLE_IDENTIFIER = romana.SwiftUIExample;
				PRODUCT_NAME = "$(TARGET_NAME)";
				SWIFT_EMIT_LOC_STRINGS = YES;
				SWIFT_VERSION = 5.0;
				TARGETED_DEVICE_FAMILY = "1,2";
			};
			name = Release;
		};
/* End XCBuildConfiguration section */

/* Begin XCConfigurationList section */
		3049970828F3D6450014AAEB /* Build configuration list for PBXProject "SwiftUIExample" */ = {
			isa = XCConfigurationList;
			buildConfigurations = (
				3049971928F3D6460014AAEB /* Debug */,
				3049971A28F3D6460014AAEB /* Release */,
			);
			defaultConfigurationIsVisible = 0;
			defaultConfigurationName = Release;
		};
		3049971B28F3D6460014AAEB /* Build configuration list for PBXNativeTarget "SwiftUIExample" */ = {
			isa = XCConfigurationList;
			buildConfigurations = (
				3049971C28F3D6460014AAEB /* Debug */,
				3049971D28F3D6460014AAEB /* Release */,
			);
			defaultConfigurationIsVisible = 0;
			defaultConfigurationName = Release;
		};
/* End XCConfigurationList section */
	};
	rootObject = 3049970528F3D6450014AAEB /* Project object */;
}
